PODS:
  - boost-for-react-native (1.63.0)
  - DoubleConversion (1.1.6)
  - FBLazyVector (1000.0.0)
  - FBReactNativeSpec (1000.0.0):
    - Folly (= 2018.10.22.00)
    - RCTRequired (= 1000.0.0)
    - RCTTypeSafety (= 1000.0.0)
    - React-Core (= 1000.0.0)
    - React-jsi (= 1000.0.0)
    - ReactCommon/turbomodule/core (= 1000.0.0)
  - Folly (2018.10.22.00):
    - boost-for-react-native
    - DoubleConversion
    - Folly/Default (= 2018.10.22.00)
    - glog
  - Folly/Default (2018.10.22.00):
    - boost-for-react-native
    - DoubleConversion
    - glog
  - glog (0.3.5)
  - RCTRequired (1000.0.0)
  - RCTTypeSafety (1000.0.0):
    - FBLazyVector (= 1000.0.0)
    - Folly (= 2018.10.22.00)
    - RCTRequired (= 1000.0.0)
    - React-Core (= 1000.0.0)
  - React (1000.0.0):
    - React-Core (= 1000.0.0)
    - React-Core/DevSupport (= 1000.0.0)
    - React-Core/RCTWebSocket (= 1000.0.0)
    - React-RCTActionSheet (= 1000.0.0)
    - React-RCTAnimation (= 1000.0.0)
    - React-RCTBlob (= 1000.0.0)
    - React-RCTImage (= 1000.0.0)
    - React-RCTLinking (= 1000.0.0)
    - React-RCTNetwork (= 1000.0.0)
    - React-RCTSettings (= 1000.0.0)
    - React-RCTText (= 1000.0.0)
    - React-RCTVibration (= 1000.0.0)
  - React-ART (1000.0.0):
    - React-Core/ARTHeaders (= 1000.0.0)
  - React-Core (1000.0.0):
    - Folly (= 2018.10.22.00)
    - glog
    - React-Core/Default (= 1000.0.0)
    - React-cxxreact (= 1000.0.0)
    - React-jsi (= 1000.0.0)
    - React-jsiexecutor (= 1000.0.0)
    - Yoga
  - React-Core/ARTHeaders (1000.0.0):
    - Folly (= 2018.10.22.00)
    - glog
    - React-Core/Default
    - React-cxxreact (= 1000.0.0)
    - React-jsi (= 1000.0.0)
    - React-jsiexecutor (= 1000.0.0)
    - Yoga
  - React-Core/CoreModulesHeaders (1000.0.0):
    - Folly (= 2018.10.22.00)
    - glog
    - React-Core/Default
    - React-cxxreact (= 1000.0.0)
    - React-jsi (= 1000.0.0)
    - React-jsiexecutor (= 1000.0.0)
    - Yoga
  - React-Core/Default (1000.0.0):
    - Folly (= 2018.10.22.00)
    - glog
    - React-cxxreact (= 1000.0.0)
    - React-jsi (= 1000.0.0)
    - React-jsiexecutor (= 1000.0.0)
    - Yoga
  - React-Core/DevSupport (1000.0.0):
    - Folly (= 2018.10.22.00)
    - glog
    - React-Core/Default (= 1000.0.0)
    - React-Core/RCTWebSocket (= 1000.0.0)
    - React-cxxreact (= 1000.0.0)
    - React-jsi (= 1000.0.0)
    - React-jsiexecutor (= 1000.0.0)
    - React-jsinspector (= 1000.0.0)
    - Yoga
  - React-Core/RCTActionSheetHeaders (1000.0.0):
    - Folly (= 2018.10.22.00)
    - glog
    - React-Core/Default
    - React-cxxreact (= 1000.0.0)
    - React-jsi (= 1000.0.0)
    - React-jsiexecutor (= 1000.0.0)
    - Yoga
  - React-Core/RCTAnimationHeaders (1000.0.0):
    - Folly (= 2018.10.22.00)
    - glog
    - React-Core/Default
    - React-cxxreact (= 1000.0.0)
    - React-jsi (= 1000.0.0)
    - React-jsiexecutor (= 1000.0.0)
    - Yoga
  - React-Core/RCTBlobHeaders (1000.0.0):
    - Folly (= 2018.10.22.00)
    - glog
    - React-Core/Default
    - React-cxxreact (= 1000.0.0)
    - React-jsi (= 1000.0.0)
    - React-jsiexecutor (= 1000.0.0)
    - Yoga
  - React-Core/RCTImageHeaders (1000.0.0):
    - Folly (= 2018.10.22.00)
    - glog
    - React-Core/Default
    - React-cxxreact (= 1000.0.0)
    - React-jsi (= 1000.0.0)
    - React-jsiexecutor (= 1000.0.0)
    - Yoga
  - React-Core/RCTLinkingHeaders (1000.0.0):
    - Folly (= 2018.10.22.00)
    - glog
    - React-Core/Default
    - React-cxxreact (= 1000.0.0)
    - React-jsi (= 1000.0.0)
    - React-jsiexecutor (= 1000.0.0)
    - Yoga
  - React-Core/RCTNetworkHeaders (1000.0.0):
    - Folly (= 2018.10.22.00)
    - glog
    - React-Core/Default
    - React-cxxreact (= 1000.0.0)
    - React-jsi (= 1000.0.0)
    - React-jsiexecutor (= 1000.0.0)
    - Yoga
  - React-Core/RCTPushNotificationHeaders (1000.0.0):
    - Folly (= 2018.10.22.00)
    - glog
    - React-Core/Default
    - React-cxxreact (= 1000.0.0)
    - React-jsi (= 1000.0.0)
    - React-jsiexecutor (= 1000.0.0)
    - Yoga
  - React-Core/RCTSettingsHeaders (1000.0.0):
    - Folly (= 2018.10.22.00)
    - glog
    - React-Core/Default
    - React-cxxreact (= 1000.0.0)
    - React-jsi (= 1000.0.0)
    - React-jsiexecutor (= 1000.0.0)
    - Yoga
  - React-Core/RCTTextHeaders (1000.0.0):
    - Folly (= 2018.10.22.00)
    - glog
    - React-Core/Default
    - React-cxxreact (= 1000.0.0)
    - React-jsi (= 1000.0.0)
    - React-jsiexecutor (= 1000.0.0)
    - Yoga
  - React-Core/RCTVibrationHeaders (1000.0.0):
    - Folly (= 2018.10.22.00)
    - glog
    - React-Core/Default
    - React-cxxreact (= 1000.0.0)
    - React-jsi (= 1000.0.0)
    - React-jsiexecutor (= 1000.0.0)
    - Yoga
  - React-Core/RCTWebSocket (1000.0.0):
    - Folly (= 2018.10.22.00)
    - glog
    - React-Core/Default (= 1000.0.0)
    - React-cxxreact (= 1000.0.0)
    - React-jsi (= 1000.0.0)
    - React-jsiexecutor (= 1000.0.0)
    - Yoga
  - React-CoreModules (1000.0.0):
    - FBReactNativeSpec (= 1000.0.0)
    - Folly (= 2018.10.22.00)
    - RCTTypeSafety (= 1000.0.0)
    - React-Core/CoreModulesHeaders (= 1000.0.0)
    - React-RCTImage (= 1000.0.0)
    - ReactCommon/turbomodule/core (= 1000.0.0)
  - React-cxxreact (1000.0.0):
    - boost-for-react-native (= 1.63.0)
    - DoubleConversion
    - Folly (= 2018.10.22.00)
    - glog
    - React-jsinspector (= 1000.0.0)
  - React-jsi (1000.0.0):
    - boost-for-react-native (= 1.63.0)
    - DoubleConversion
    - Folly (= 2018.10.22.00)
    - glog
    - React-jsi/Default (= 1000.0.0)
  - React-jsi/Default (1000.0.0):
    - boost-for-react-native (= 1.63.0)
    - DoubleConversion
    - Folly (= 2018.10.22.00)
    - glog
  - React-jsiexecutor (1000.0.0):
    - DoubleConversion
    - Folly (= 2018.10.22.00)
    - glog
    - React-cxxreact (= 1000.0.0)
    - React-jsi (= 1000.0.0)
  - React-jsinspector (1000.0.0)
  - React-RCTActionSheet (1000.0.0):
    - React-Core/RCTActionSheetHeaders (= 1000.0.0)
  - React-RCTAnimation (1000.0.0):
    - React-Core/RCTAnimationHeaders (= 1000.0.0)
  - React-RCTBlob (1000.0.0):
    - React-Core/RCTBlobHeaders (= 1000.0.0)
    - React-Core/RCTWebSocket (= 1000.0.0)
    - React-jsi (= 1000.0.0)
    - React-RCTNetwork (= 1000.0.0)
  - React-RCTImage (1000.0.0):
    - React-Core/RCTImageHeaders (= 1000.0.0)
    - React-RCTNetwork (= 1000.0.0)
  - React-RCTLinking (1000.0.0):
    - React-Core/RCTLinkingHeaders (= 1000.0.0)
  - React-RCTNetwork (1000.0.0):
    - React-Core/RCTNetworkHeaders (= 1000.0.0)
  - React-RCTPushNotification (1000.0.0):
    - React-Core/RCTPushNotificationHeaders (= 1000.0.0)
  - React-RCTSettings (1000.0.0):
    - React-Core/RCTSettingsHeaders (= 1000.0.0)
  - React-RCTTest (1000.0.0):
    - React-Core (= 1000.0.0)
  - React-RCTText (1000.0.0):
    - React-Core/RCTTextHeaders (= 1000.0.0)
  - React-RCTVibration (1000.0.0):
    - React-Core/RCTVibrationHeaders (= 1000.0.0)
  - ReactCommon/jscallinvoker (1000.0.0):
    - DoubleConversion
    - Folly (= 2018.10.22.00)
    - glog
    - React-cxxreact (= 1000.0.0)
  - ReactCommon/turbomodule/core (1000.0.0):
    - DoubleConversion
    - Folly (= 2018.10.22.00)
    - glog
    - React-Core (= 1000.0.0)
    - React-cxxreact (= 1000.0.0)
    - React-jsi (= 1000.0.0)
    - ReactCommon/jscallinvoker (= 1000.0.0)
  - ReactCommon/turbomodule/samples (1000.0.0):
    - DoubleConversion
    - Folly (= 2018.10.22.00)
    - glog
    - React-Core (= 1000.0.0)
    - React-cxxreact (= 1000.0.0)
    - React-jsi (= 1000.0.0)
    - ReactCommon/jscallinvoker (= 1000.0.0)
    - ReactCommon/turbomodule/core (= 1000.0.0)
  - Yoga (1.14.0)

DEPENDENCIES:
  - boost-for-react-native (from `../third-party-podspecs/boost-for-react-native.podspec`)
  - DoubleConversion (from `../third-party-podspecs/DoubleConversion.podspec`)
  - FBLazyVector (from `../Libraries/FBLazyVector`)
  - FBReactNativeSpec (from `../Libraries/FBReactNativeSpec`)
  - Folly (from `../third-party-podspecs/Folly.podspec`)
  - glog (from `../third-party-podspecs/glog.podspec`)
  - RCTRequired (from `../Libraries/RCTRequired`)
  - RCTTypeSafety (from `../Libraries/TypeSafety`)
  - React (from `../`)
  - React-ART (from `../Libraries/ART`)
  - React-Core (from `../`)
  - React-Core/DevSupport (from `../`)
  - React-Core/RCTWebSocket (from `../`)
  - React-CoreModules (from `../React/CoreModules`)
  - React-cxxreact (from `../ReactCommon/cxxreact`)
  - React-jsi (from `../ReactCommon/jsi`)
  - React-jsiexecutor (from `../ReactCommon/jsiexecutor`)
  - React-jsinspector (from `../ReactCommon/jsinspector`)
  - React-RCTActionSheet (from `../Libraries/ActionSheetIOS`)
  - React-RCTAnimation (from `../Libraries/NativeAnimation`)
  - React-RCTBlob (from `../Libraries/Blob`)
  - React-RCTImage (from `../Libraries/Image`)
  - React-RCTLinking (from `../Libraries/LinkingIOS`)
  - React-RCTNetwork (from `../Libraries/Network`)
  - React-RCTPushNotification (from `../Libraries/PushNotificationIOS`)
  - React-RCTSettings (from `../Libraries/Settings`)
  - React-RCTTest (from `RCTTest`)
  - React-RCTText (from `../Libraries/Text`)
  - React-RCTVibration (from `../Libraries/Vibration`)
  - ReactCommon/jscallinvoker (from `../ReactCommon`)
  - ReactCommon/turbomodule/core (from `../ReactCommon`)
  - ReactCommon/turbomodule/samples (from `../ReactCommon`)
  - Yoga (from `../ReactCommon/yoga`)

EXTERNAL SOURCES:
  boost-for-react-native:
    :podspec: "../third-party-podspecs/boost-for-react-native.podspec"
  DoubleConversion:
    :podspec: "../third-party-podspecs/DoubleConversion.podspec"
  FBLazyVector:
    :path: "../Libraries/FBLazyVector"
  FBReactNativeSpec:
    :path: "../Libraries/FBReactNativeSpec"
  Folly:
    :podspec: "../third-party-podspecs/Folly.podspec"
  glog:
    :podspec: "../third-party-podspecs/glog.podspec"
  RCTRequired:
    :path: "../Libraries/RCTRequired"
  RCTTypeSafety:
    :path: "../Libraries/TypeSafety"
  React:
    :path: "../"
  React-ART:
    :path: "../Libraries/ART"
  React-Core:
    :path: "../"
  React-CoreModules:
    :path: "../React/CoreModules"
  React-cxxreact:
    :path: "../ReactCommon/cxxreact"
  React-jsi:
    :path: "../ReactCommon/jsi"
  React-jsiexecutor:
    :path: "../ReactCommon/jsiexecutor"
  React-jsinspector:
    :path: "../ReactCommon/jsinspector"
  React-RCTActionSheet:
    :path: "../Libraries/ActionSheetIOS"
  React-RCTAnimation:
    :path: "../Libraries/NativeAnimation"
  React-RCTBlob:
    :path: "../Libraries/Blob"
  React-RCTImage:
    :path: "../Libraries/Image"
  React-RCTLinking:
    :path: "../Libraries/LinkingIOS"
  React-RCTNetwork:
    :path: "../Libraries/Network"
  React-RCTPushNotification:
    :path: "../Libraries/PushNotificationIOS"
  React-RCTSettings:
    :path: "../Libraries/Settings"
  React-RCTTest:
    :path: RCTTest
  React-RCTText:
    :path: "../Libraries/Text"
  React-RCTVibration:
    :path: "../Libraries/Vibration"
  ReactCommon:
    :path: "../ReactCommon"
  Yoga:
    :path: "../ReactCommon/yoga"

SPEC CHECKSUMS:
  boost-for-react-native: a110407d9db2642fd2e1bcd7c5a51c81f2521dc9
  DoubleConversion: a1bc12a74baa397a2609e0f10e19b8062d864053
  FBLazyVector: e87f0fd2a21741c19e1dc59cdce139acabdd45c2
  FBReactNativeSpec: ceb5bd8733fa82af602472f2a75144e99cfbff4e
  Folly: feff29ba9d0b7c2e4f793a94942831d6cc5bbad7
  glog: b3f6d74f3e2d33396addc0ee724d2b2b79fc3e00
  RCTRequired: 64c2ef8d7c5980cb2a4199a0f21f806b3e42fb47
  RCTTypeSafety: 20b5db72826f876b23810ca1597619652ffb23da
  React: 24304e3f627c1e0c7645cba5b262f0138347f11e
  React-ART: e32a222b5946fb9f58b8b32be7451ad2ee54db8c
  React-Core: 8f3037aeda5bee7d4020d86f4c988da268d4cf16
  React-CoreModules: b9aaf70dd07542b13e445dd99bce8a111308b51b
  React-cxxreact: 29ade125bf1871f5bc0f47fca92625c4ffcbef22
  React-jsi: 358f1988061749281a274505529df776b9c7497a
  React-jsiexecutor: a21350636ea6562aab1d157c274d15bd26dfd572
  React-jsinspector: 1ea5e0282313e21c5bd5aa081d32b1d28912226f
  React-RCTActionSheet: 0d84337f9065f0ca518dcbb943095528a36c30fb
  React-RCTAnimation: 45c151be9c56e19b1e71a874ba8cb05845509ffa
  React-RCTBlob: bcbfbcab79dc356edbcf0f50e0f0de9013860f79
  React-RCTImage: 9ac664bd435da6ca970582e51941d301b9185a7e
  React-RCTLinking: 29430dc7d2552b3095bdbc60a853d4792a7fbd50
  React-RCTNetwork: 2bdab4b3194059a66f96e283947302743421ff49
  React-RCTPushNotification: 5484ae8de97a6b157ca354148088df34321da162
  React-RCTSettings: 8496351e86f849cc952d52be8abad3de67e4ee75
  React-RCTTest: bb8e10ad484a8b06a4e57ca356aceba40513c9f6
  React-RCTText: 13c130ba77949ff935c2bcd9bb90fa6a401c8831
  React-RCTVibration: 7ffc046cd2260f0ede53c33a119dd551f39b1d2d
  ReactCommon: adf4b881734291dcd645006cc2fe4cdd6e37c667
  Yoga: 977014880c76abb0bdcfc38e760607b5b3dd7cb9

PODFILE CHECKSUM: 2bf56de39dc7e153b4f1637e0f4874f2591fc55a

COCOAPODS: 1.9.1
